// !$*UTF8*$!
{
	archiveVersion = 1;
	classes = {
	};
	objectVersion = 52;
	objects = {

/* Begin PBXBuildFile section */
		7F6C188925ED51F00091CB81 /* Tests_iOS.swift in Sources */ = {isa = PBXBuildFile; fileRef = 7F6C188825ED51F00091CB81 /* Tests_iOS.swift */; };
		7F6C189425ED51F00091CB81 /* Tests_macOS.swift in Sources */ = {isa = PBXBuildFile; fileRef = 7F6C189325ED51F00091CB81 /* Tests_macOS.swift */; };
		7F6C189625ED51F00091CB81 /* SumUpAndDownApp.swift in Sources */ = {isa = PBXBuildFile; fileRef = 7F6C186D25ED51EF0091CB81 /* SumUpAndDownApp.swift */; };
		7F6C189725ED51F00091CB81 /* SumUpAndDownApp.swift in Sources */ = {isa = PBXBuildFile; fileRef = 7F6C186D25ED51EF0091CB81 /* SumUpAndDownApp.swift */; };
		7F6C189825ED51F00091CB81 /* ContentView.swift in Sources */ = {isa = PBXBuildFile; fileRef = 7F6C186E25ED51EF0091CB81 /* ContentView.swift */; };
		7F6C189925ED51F00091CB81 /* ContentView.swift in Sources */ = {isa = PBXBuildFile; fileRef = 7F6C186E25ED51EF0091CB81 /* ContentView.swift */; };
		7F6C189A25ED51F00091CB81 /* Assets.xcassets in Resources */ = {isa = PBXBuildFile; fileRef = 7F6C186F25ED51EF0091CB81 /* Assets.xcassets */; };
		7F6C189B25ED51F00091CB81 /* Assets.xcassets in Resources */ = {isa = PBXBuildFile; fileRef = 7F6C186F25ED51EF0091CB81 /* Assets.xcassets */; };
		7F6C18B825ED52580091CB81 /* ChangingPlotParameters.swift in Sources */ = {isa = PBXBuildFile; fileRef = 7F6C18AE25ED52580091CB81 /* ChangingPlotParameters.swift */; };
		7F6C18B925ED52580091CB81 /* ChangingPlotParameters.swift in Sources */ = {isa = PBXBuildFile; fileRef = 7F6C18AE25ED52580091CB81 /* ChangingPlotParameters.swift */; };
		7F6C18BA25ED52580091CB81 /* ChangingPlotParameters.swift in Sources */ = {isa = PBXBuildFile; fileRef = 7F6C18AE25ED52580091CB81 /* ChangingPlotParameters.swift */; };
		7F6C18BB25ED52580091CB81 /* ChangingPlotParameters.swift in Sources */ = {isa = PBXBuildFile; fileRef = 7F6C18AE25ED52580091CB81 /* ChangingPlotParameters.swift */; };
		7F6C18BC25ED52580091CB81 /* CorePlot.swift in Sources */ = {isa = PBXBuildFile; fileRef = 7F6C18AF25ED52580091CB81 /* CorePlot.swift */; };
		7F6C18BD25ED52580091CB81 /* CorePlot.swift in Sources */ = {isa = PBXBuildFile; fileRef = 7F6C18AF25ED52580091CB81 /* CorePlot.swift */; };
		7F6C18BE25ED52580091CB81 /* CorePlot.swift in Sources */ = {isa = PBXBuildFile; fileRef = 7F6C18AF25ED52580091CB81 /* CorePlot.swift */; };
		7F6C18BF25ED52580091CB81 /* CorePlot.swift in Sources */ = {isa = PBXBuildFile; fileRef = 7F6C18AF25ED52580091CB81 /* CorePlot.swift */; };
		7F6C18C425ED52580091CB81 /* PlotDataClass.swift in Sources */ = {isa = PBXBuildFile; fileRef = 7F6C18B125ED52580091CB81 /* PlotDataClass.swift */; };
		7F6C18C525ED52580091CB81 /* PlotDataClass.swift in Sources */ = {isa = PBXBuildFile; fileRef = 7F6C18B125ED52580091CB81 /* PlotDataClass.swift */; };
		7F6C18C625ED52580091CB81 /* PlotDataClass.swift in Sources */ = {isa = PBXBuildFile; fileRef = 7F6C18B125ED52580091CB81 /* PlotDataClass.swift */; };
		7F6C18C725ED52580091CB81 /* PlotDataClass.swift in Sources */ = {isa = PBXBuildFile; fileRef = 7F6C18B125ED52580091CB81 /* PlotDataClass.swift */; };
		7F6C18C825ED52580091CB81 /* TextExportDocument.swift in Sources */ = {isa = PBXBuildFile; fileRef = 7F6C18B225ED52580091CB81 /* TextExportDocument.swift */; };
		7F6C18C925ED52580091CB81 /* TextExportDocument.swift in Sources */ = {isa = PBXBuildFile; fileRef = 7F6C18B225ED52580091CB81 /* TextExportDocument.swift */; };
		7F6C18CA25ED52580091CB81 /* TextExportDocument.swift in Sources */ = {isa = PBXBuildFile; fileRef = 7F6C18B225ED52580091CB81 /* TextExportDocument.swift */; };
		7F6C18CB25ED52580091CB81 /* TextExportDocument.swift in Sources */ = {isa = PBXBuildFile; fileRef = 7F6C18B225ED52580091CB81 /* TextExportDocument.swift */; };
		7F6C18CC25ED52590091CB81 /* operators.swift in Sources */ = {isa = PBXBuildFile; fileRef = 7F6C18B325ED52580091CB81 /* operators.swift */; };
		7F6C18CD25ED52590091CB81 /* operators.swift in Sources */ = {isa = PBXBuildFile; fileRef = 7F6C18B325ED52580091CB81 /* operators.swift */; };
		7F6C18CE25ED52590091CB81 /* operators.swift in Sources */ = {isa = PBXBuildFile; fileRef = 7F6C18B325ED52580091CB81 /* operators.swift */; };
		7F6C18CF25ED52590091CB81 /* operators.swift in Sources */ = {isa = PBXBuildFile; fileRef = 7F6C18B325ED52580091CB81 /* operators.swift */; };
		7F6C18D025ED52590091CB81 /* CalculatePlotData.swift in Sources */ = {isa = PBXBuildFile; fileRef = 7F6C18B425ED52580091CB81 /* CalculatePlotData.swift */; };
		7F6C18D125ED52590091CB81 /* CalculatePlotData.swift in Sources */ = {isa = PBXBuildFile; fileRef = 7F6C18B425ED52580091CB81 /* CalculatePlotData.swift */; };
		7F6C18D225ED52590091CB81 /* CalculatePlotData.swift in Sources */ = {isa = PBXBuildFile; fileRef = 7F6C18B425ED52580091CB81 /* CalculatePlotData.swift */; };
		7F6C18D325ED52590091CB81 /* CalculatePlotData.swift in Sources */ = {isa = PBXBuildFile; fileRef = 7F6C18B425ED52580091CB81 /* CalculatePlotData.swift */; };
		7F6C18D425ED52590091CB81 /* TextView.swift in Sources */ = {isa = PBXBuildFile; fileRef = 7F6C18B525ED52580091CB81 /* TextView.swift */; };
		7F6C18D525ED52590091CB81 /* TextView.swift in Sources */ = {isa = PBXBuildFile; fileRef = 7F6C18B525ED52580091CB81 /* TextView.swift */; };
		7F6C18D625ED52590091CB81 /* TextView.swift in Sources */ = {isa = PBXBuildFile; fileRef = 7F6C18B525ED52580091CB81 /* TextView.swift */; };
		7F6C18D725ED52590091CB81 /* TextView.swift in Sources */ = {isa = PBXBuildFile; fileRef = 7F6C18B525ED52580091CB81 /* TextView.swift */; };
		7F6C18F225ED52FA0091CB81 /* CorePlot in Frameworks */ = {isa = PBXBuildFile; productRef = 7F6C18F125ED52FA0091CB81 /* CorePlot */; };
		7F6C18F925ED53130091CB81 /* CorePlot in Frameworks */ = {isa = PBXBuildFile; productRef = 7F6C18F825ED53130091CB81 /* CorePlot */; };
		7F6C18FB25ED531C0091CB81 /* CorePlot in Frameworks */ = {isa = PBXBuildFile; productRef = 7F6C18FA25ED531C0091CB81 /* CorePlot */; };
		7F6C18FD25ED53200091CB81 /* CorePlot in Frameworks */ = {isa = PBXBuildFile; productRef = 7F6C18FC25ED53200091CB81 /* CorePlot */; };
		7F6C190325ED53690091CB81 /* SumSupAndSDown.swift in Sources */ = {isa = PBXBuildFile; fileRef = 7F6C190225ED53690091CB81 /* SumSupAndSDown.swift */; };
		7F6C190425ED53690091CB81 /* SumSupAndSDown.swift in Sources */ = {isa = PBXBuildFile; fileRef = 7F6C190225ED53690091CB81 /* SumSupAndSDown.swift */; };
		7F6C190525ED53690091CB81 /* SumSupAndSDown.swift in Sources */ = {isa = PBXBuildFile; fileRef = 7F6C190225ED53690091CB81 /* SumSupAndSDown.swift */; };
		7F6C190625ED53690091CB81 /* SumSupAndSDown.swift in Sources */ = {isa = PBXBuildFile; fileRef = 7F6C190225ED53690091CB81 /* SumSupAndSDown.swift */; };
/* End PBXBuildFile section */

/* Begin PBXContainerItemProxy section */
		7F6C188525ED51F00091CB81 /* PBXContainerItemProxy */ = {
			isa = PBXContainerItemProxy;
			containerPortal = 7F6C186825ED51EE0091CB81 /* Project object */;
			proxyType = 1;
			remoteGlobalIDString = 7F6C187325ED51F00091CB81;
			remoteInfo = "SumUpAndDown (iOS)";
		};
		7F6C189025ED51F00091CB81 /* PBXContainerItemProxy */ = {
			isa = PBXContainerItemProxy;
			containerPortal = 7F6C186825ED51EE0091CB81 /* Project object */;
			proxyType = 1;
			remoteGlobalIDString = 7F6C187B25ED51F00091CB81;
			remoteInfo = "SumUpAndDown (macOS)";
		};
/* End PBXContainerItemProxy section */

/* Begin PBXFileReference section */
		7F6C186D25ED51EF0091CB81 /* SumUpAndDownApp.swift */ = {isa = PBXFileReference; lastKnownFileType = sourcecode.swift; path = SumUpAndDownApp.swift; sourceTree = "<group>"; };
		7F6C186E25ED51EF0091CB81 /* ContentView.swift */ = {isa = PBXFileReference; lastKnownFileType = sourcecode.swift; path = ContentView.swift; sourceTree = "<group>"; };
		7F6C186F25ED51EF0091CB81 /* Assets.xcassets */ = {isa = PBXFileReference; lastKnownFileType = folder.assetcatalog; path = Assets.xcassets; sourceTree = "<group>"; };
		7F6C187425ED51F00091CB81 /* SumUpAndDown.app */ = {isa = PBXFileReference; explicitFileType = wrapper.application; includeInIndex = 0; path = SumUpAndDown.app; sourceTree = BUILT_PRODUCTS_DIR; };
		7F6C187725ED51F00091CB81 /* Info.plist */ = {isa = PBXFileReference; lastKnownFileType = text.plist.xml; path = Info.plist; sourceTree = "<group>"; };
		7F6C187C25ED51F00091CB81 /* SumUpAndDown.app */ = {isa = PBXFileReference; explicitFileType = wrapper.application; includeInIndex = 0; path = SumUpAndDown.app; sourceTree = BUILT_PRODUCTS_DIR; };
		7F6C187E25ED51F00091CB81 /* Info.plist */ = {isa = PBXFileReference; lastKnownFileType = text.plist.xml; path = Info.plist; sourceTree = "<group>"; };
		7F6C187F25ED51F00091CB81 /* macOS.entitlements */ = {isa = PBXFileReference; lastKnownFileType = text.plist.entitlements; path = macOS.entitlements; sourceTree = "<group>"; };
		7F6C188425ED51F00091CB81 /* Tests iOS.xctest */ = {isa = PBXFileReference; explicitFileType = wrapper.cfbundle; includeInIndex = 0; path = "Tests iOS.xctest"; sourceTree = BUILT_PRODUCTS_DIR; };
		7F6C188825ED51F00091CB81 /* Tests_iOS.swift */ = {isa = PBXFileReference; lastKnownFileType = sourcecode.swift; path = Tests_iOS.swift; sourceTree = "<group>"; };
		7F6C188A25ED51F00091CB81 /* Info.plist */ = {isa = PBXFileReference; lastKnownFileType = text.plist.xml; path = Info.plist; sourceTree = "<group>"; };
		7F6C188F25ED51F00091CB81 /* Tests macOS.xctest */ = {isa = PBXFileReference; explicitFileType = wrapper.cfbundle; includeInIndex = 0; path = "Tests macOS.xctest"; sourceTree = BUILT_PRODUCTS_DIR; };
		7F6C189325ED51F00091CB81 /* Tests_macOS.swift */ = {isa = PBXFileReference; lastKnownFileType = sourcecode.swift; path = Tests_macOS.swift; sourceTree = "<group>"; };
		7F6C189525ED51F00091CB81 /* Info.plist */ = {isa = PBXFileReference; lastKnownFileType = text.plist.xml; path = Info.plist; sourceTree = "<group>"; };
		7F6C18AE25ED52580091CB81 /* ChangingPlotParameters.swift */ = {isa = PBXFileReference; lastKnownFileType = sourcecode.swift; path = ChangingPlotParameters.swift; sourceTree = "<group>"; };
		7F6C18AF25ED52580091CB81 /* CorePlot.swift */ = {isa = PBXFileReference; lastKnownFileType = sourcecode.swift; path = CorePlot.swift; sourceTree = "<group>"; };
		7F6C18B125ED52580091CB81 /* PlotDataClass.swift */ = {isa = PBXFileReference; lastKnownFileType = sourcecode.swift; path = PlotDataClass.swift; sourceTree = "<group>"; };
		7F6C18B225ED52580091CB81 /* TextExportDocument.swift */ = {isa = PBXFileReference; lastKnownFileType = sourcecode.swift; path = TextExportDocument.swift; sourceTree = "<group>"; };
		7F6C18B325ED52580091CB81 /* operators.swift */ = {isa = PBXFileReference; lastKnownFileType = sourcecode.swift; path = operators.swift; sourceTree = "<group>"; };
		7F6C18B425ED52580091CB81 /* CalculatePlotData.swift */ = {isa = PBXFileReference; lastKnownFileType = sourcecode.swift; path = CalculatePlotData.swift; sourceTree = "<group>"; };
		7F6C18B525ED52580091CB81 /* TextView.swift */ = {isa = PBXFileReference; lastKnownFileType = sourcecode.swift; path = TextView.swift; sourceTree = "<group>"; };
		7F6C190225ED53690091CB81 /* SumSupAndSDown.swift */ = {isa = PBXFileReference; fileEncoding = 4; lastKnownFileType = sourcecode.swift; path = SumSupAndSDown.swift; sourceTree = "<group>"; };
/* End PBXFileReference section */

/* Begin PBXFrameworksBuildPhase section */
		7F6C187125ED51F00091CB81 /* Frameworks */ = {
			isa = PBXFrameworksBuildPhase;
			buildActionMask = 2147483647;
			files = (
				7F6C18F925ED53130091CB81 /* CorePlot in Frameworks */,
			);
			runOnlyForDeploymentPostprocessing = 0;
		};
		7F6C187925ED51F00091CB81 /* Frameworks */ = {
			isa = PBXFrameworksBuildPhase;
			buildActionMask = 2147483647;
			files = (
				7F6C18F225ED52FA0091CB81 /* CorePlot in Frameworks */,
			);
			runOnlyForDeploymentPostprocessing = 0;
		};
		7F6C188125ED51F00091CB81 /* Frameworks */ = {
			isa = PBXFrameworksBuildPhase;
			buildActionMask = 2147483647;
			files = (
				7F6C18FB25ED531C0091CB81 /* CorePlot in Frameworks */,
			);
			runOnlyForDeploymentPostprocessing = 0;
		};
		7F6C188C25ED51F00091CB81 /* Frameworks */ = {
			isa = PBXFrameworksBuildPhase;
			buildActionMask = 2147483647;
			files = (
				7F6C18FD25ED53200091CB81 /* CorePlot in Frameworks */,
			);
			runOnlyForDeploymentPostprocessing = 0;
		};
/* End PBXFrameworksBuildPhase section */

/* Begin PBXGroup section */
		7F6C186725ED51EE0091CB81 = {
			isa = PBXGroup;
			children = (
				7F6C186C25ED51EE0091CB81 /* Shared */,
				7F6C187625ED51F00091CB81 /* iOS */,
				7F6C187D25ED51F00091CB81 /* macOS */,
				7F6C188725ED51F00091CB81 /* Tests iOS */,
				7F6C189225ED51F00091CB81 /* Tests macOS */,
				7F6C187525ED51F00091CB81 /* Products */,
				7F6C18F725ED53130091CB81 /* Frameworks */,
			);
			sourceTree = "<group>";
		};
		7F6C186C25ED51EE0091CB81 /* Shared */ = {
			isa = PBXGroup;
			children = (
				7F6C186D25ED51EF0091CB81 /* SumUpAndDownApp.swift */,
				7F6C186E25ED51EF0091CB81 /* ContentView.swift */,
				7F6C18AE25ED52580091CB81 /* ChangingPlotParameters.swift */,
				7F6C18AF25ED52580091CB81 /* CorePlot.swift */,
				7F6C18B125ED52580091CB81 /* PlotDataClass.swift */,
				7F6C18B225ED52580091CB81 /* TextExportDocument.swift */,
				7F6C18B325ED52580091CB81 /* operators.swift */,
				7F6C18B425ED52580091CB81 /* CalculatePlotData.swift */,
				7F6C190225ED53690091CB81 /* SumSupAndSDown.swift */,
				7F6C18B525ED52580091CB81 /* TextView.swift */,
				7F6C186F25ED51EF0091CB81 /* Assets.xcassets */,
			);
			path = Shared;
			sourceTree = "<group>";
		};
		7F6C187525ED51F00091CB81 /* Products */ = {
			isa = PBXGroup;
			children = (
				7F6C187425ED51F00091CB81 /* SumUpAndDown.app */,
				7F6C187C25ED51F00091CB81 /* SumUpAndDown.app */,
				7F6C188425ED51F00091CB81 /* Tests iOS.xctest */,
				7F6C188F25ED51F00091CB81 /* Tests macOS.xctest */,
			);
			name = Products;
			sourceTree = "<group>";
		};
		7F6C187625ED51F00091CB81 /* iOS */ = {
			isa = PBXGroup;
			children = (
				7F6C187725ED51F00091CB81 /* Info.plist */,
			);
			path = iOS;
			sourceTree = "<group>";
		};
		7F6C187D25ED51F00091CB81 /* macOS */ = {
			isa = PBXGroup;
			children = (
				7F6C187E25ED51F00091CB81 /* Info.plist */,
				7F6C187F25ED51F00091CB81 /* macOS.entitlements */,
			);
			path = macOS;
			sourceTree = "<group>";
		};
		7F6C188725ED51F00091CB81 /* Tests iOS */ = {
			isa = PBXGroup;
			children = (
				7F6C188825ED51F00091CB81 /* Tests_iOS.swift */,
				7F6C188A25ED51F00091CB81 /* Info.plist */,
			);
			path = "Tests iOS";
			sourceTree = "<group>";
		};
		7F6C189225ED51F00091CB81 /* Tests macOS */ = {
			isa = PBXGroup;
			children = (
				7F6C189325ED51F00091CB81 /* Tests_macOS.swift */,
				7F6C189525ED51F00091CB81 /* Info.plist */,
			);
			path = "Tests macOS";
			sourceTree = "<group>";
		};
		7F6C18F725ED53130091CB81 /* Frameworks */ = {
			isa = PBXGroup;
			children = (
			);
			name = Frameworks;
			sourceTree = "<group>";
		};
/* End PBXGroup section */

/* Begin PBXNativeTarget section */
		7F6C187325ED51F00091CB81 /* SumUpAndDown (iOS) */ = {
			isa = PBXNativeTarget;
			buildConfigurationList = 7F6C189E25ED51F00091CB81 /* Build configuration list for PBXNativeTarget "SumUpAndDown (iOS)" */;
			buildPhases = (
				7F6C187025ED51F00091CB81 /* Sources */,
				7F6C187125ED51F00091CB81 /* Frameworks */,
				7F6C187225ED51F00091CB81 /* Resources */,
			);
			buildRules = (
			);
			dependencies = (
			);
			name = "SumUpAndDown (iOS)";
			packageProductDependencies = (
				7F6C18F825ED53130091CB81 /* CorePlot */,
			);
			productName = "SumUpAndDown (iOS)";
			productReference = 7F6C187425ED51F00091CB81 /* SumUpAndDown.app */;
			productType = "com.apple.product-type.application";
		};
		7F6C187B25ED51F00091CB81 /* SumUpAndDown (macOS) */ = {
			isa = PBXNativeTarget;
			buildConfigurationList = 7F6C18A125ED51F00091CB81 /* Build configuration list for PBXNativeTarget "SumUpAndDown (macOS)" */;
			buildPhases = (
				7F6C187825ED51F00091CB81 /* Sources */,
				7F6C187925ED51F00091CB81 /* Frameworks */,
				7F6C187A25ED51F00091CB81 /* Resources */,
			);
			buildRules = (
			);
			dependencies = (
			);
			name = "SumUpAndDown (macOS)";
			packageProductDependencies = (
				7F6C18F125ED52FA0091CB81 /* CorePlot */,
			);
			productName = "SumUpAndDown (macOS)";
			productReference = 7F6C187C25ED51F00091CB81 /* SumUpAndDown.app */;
			productType = "com.apple.product-type.application";
		};
		7F6C188325ED51F00091CB81 /* Tests iOS */ = {
			isa = PBXNativeTarget;
			buildConfigurationList = 7F6C18A425ED51F00091CB81 /* Build configuration list for PBXNativeTarget "Tests iOS" */;
			buildPhases = (
				7F6C188025ED51F00091CB81 /* Sources */,
				7F6C188125ED51F00091CB81 /* Frameworks */,
				7F6C188225ED51F00091CB81 /* Resources */,
			);
			buildRules = (
			);
			dependencies = (
				7F6C188625ED51F00091CB81 /* PBXTargetDependency */,
			);
			name = "Tests iOS";
			packageProductDependencies = (
				7F6C18FA25ED531C0091CB81 /* CorePlot */,
			);
			productName = "Tests iOS";
			productReference = 7F6C188425ED51F00091CB81 /* Tests iOS.xctest */;
			productType = "com.apple.product-type.bundle.ui-testing";
		};
		7F6C188E25ED51F00091CB81 /* Tests macOS */ = {
			isa = PBXNativeTarget;
			buildConfigurationList = 7F6C18A725ED51F00091CB81 /* Build configuration list for PBXNativeTarget "Tests macOS" */;
			buildPhases = (
				7F6C188B25ED51F00091CB81 /* Sources */,
				7F6C188C25ED51F00091CB81 /* Frameworks */,
				7F6C188D25ED51F00091CB81 /* Resources */,
			);
			buildRules = (
			);
			dependencies = (
				7F6C189125ED51F00091CB81 /* PBXTargetDependency */,
			);
			name = "Tests macOS";
			packageProductDependencies = (
				7F6C18FC25ED53200091CB81 /* CorePlot */,
			);
			productName = "Tests macOS";
			productReference = 7F6C188F25ED51F00091CB81 /* Tests macOS.xctest */;
			productType = "com.apple.product-type.bundle.ui-testing";
		};
/* End PBXNativeTarget section */

/* Begin PBXProject section */
		7F6C186825ED51EE0091CB81 /* Project object */ = {
			isa = PBXProject;
			attributes = {
				LastSwiftUpdateCheck = 1240;
				LastUpgradeCheck = 1240;
				TargetAttributes = {
					7F6C187325ED51F00091CB81 = {
						CreatedOnToolsVersion = 12.4;
					};
					7F6C187B25ED51F00091CB81 = {
						CreatedOnToolsVersion = 12.4;
					};
					7F6C188325ED51F00091CB81 = {
						CreatedOnToolsVersion = 12.4;
						TestTargetID = 7F6C187325ED51F00091CB81;
					};
					7F6C188E25ED51F00091CB81 = {
						CreatedOnToolsVersion = 12.4;
						TestTargetID = 7F6C187B25ED51F00091CB81;
					};
				};
			};
			buildConfigurationList = 7F6C186B25ED51EE0091CB81 /* Build configuration list for PBXProject "SumUpAndDown" */;
			compatibilityVersion = "Xcode 9.3";
			developmentRegion = en;
			hasScannedForEncodings = 0;
			knownRegions = (
				en,
				Base,
			);
			mainGroup = 7F6C186725ED51EE0091CB81;
			packageReferences = (
				7F6C18F025ED52FA0091CB81 /* XCRemoteSwiftPackageReference "core-plot" */,
			);
			productRefGroup = 7F6C187525ED51F00091CB81 /* Products */;
			projectDirPath = "";
			projectRoot = "";
			targets = (
				7F6C187325ED51F00091CB81 /* SumUpAndDown (iOS) */,
				7F6C187B25ED51F00091CB81 /* SumUpAndDown (macOS) */,
				7F6C188325ED51F00091CB81 /* Tests iOS */,
				7F6C188E25ED51F00091CB81 /* Tests macOS */,
			);
		};
/* End PBXProject section */

/* Begin PBXResourcesBuildPhase section */
		7F6C187225ED51F00091CB81 /* Resources */ = {
			isa = PBXResourcesBuildPhase;
			buildActionMask = 2147483647;
			files = (
				7F6C189A25ED51F00091CB81 /* Assets.xcassets in Resources */,
			);
			runOnlyForDeploymentPostprocessing = 0;
		};
		7F6C187A25ED51F00091CB81 /* Resources */ = {
			isa = PBXResourcesBuildPhase;
			buildActionMask = 2147483647;
			files = (
				7F6C189B25ED51F00091CB81 /* Assets.xcassets in Resources */,
			);
			runOnlyForDeploymentPostprocessing = 0;
		};
		7F6C188225ED51F00091CB81 /* Resources */ = {
			isa = PBXResourcesBuildPhase;
			buildActionMask = 2147483647;
			files = (
			);
			runOnlyForDeploymentPostprocessing = 0;
		};
		7F6C188D25ED51F00091CB81 /* Resources */ = {
			isa = PBXResourcesBuildPhase;
			buildActionMask = 2147483647;
			files = (
			);
			runOnlyForDeploymentPostprocessing = 0;
		};
/* End PBXResourcesBuildPhase section */

/* Begin PBXSourcesBuildPhase section */
		7F6C187025ED51F00091CB81 /* Sources */ = {
			isa = PBXSourcesBuildPhase;
			buildActionMask = 2147483647;
			files = (
				7F6C189825ED51F00091CB81 /* ContentView.swift in Sources */,
				7F6C18D025ED52590091CB81 /* CalculatePlotData.swift in Sources */,
				7F6C18CC25ED52590091CB81 /* operators.swift in Sources */,
				7F6C18C825ED52580091CB81 /* TextExportDocument.swift in Sources */,
				7F6C18C425ED52580091CB81 /* PlotDataClass.swift in Sources */,
				7F6C18BC25ED52580091CB81 /* CorePlot.swift in Sources */,
				7F6C190325ED53690091CB81 /* SumSupAndSDown.swift in Sources */,
				7F6C189625ED51F00091CB81 /* SumUpAndDownApp.swift in Sources */,
				7F6C18B825ED52580091CB81 /* ChangingPlotParameters.swift in Sources */,
				7F6C18D425ED52590091CB81 /* TextView.swift in Sources */,
			);
			runOnlyForDeploymentPostprocessing = 0;
		};
		7F6C187825ED51F00091CB81 /* Sources */ = {
			isa = PBXSourcesBuildPhase;
			buildActionMask = 2147483647;
			files = (
				7F6C189925ED51F00091CB81 /* ContentView.swift in Sources */,
				7F6C18D125ED52590091CB81 /* CalculatePlotData.swift in Sources */,
				7F6C18CD25ED52590091CB81 /* operators.swift in Sources */,
				7F6C18C925ED52580091CB81 /* TextExportDocument.swift in Sources */,
				7F6C18C525ED52580091CB81 /* PlotDataClass.swift in Sources */,
				7F6C18BD25ED52580091CB81 /* CorePlot.swift in Sources */,
				7F6C190425ED53690091CB81 /* SumSupAndSDown.swift in Sources */,
				7F6C189725ED51F00091CB81 /* SumUpAndDownApp.swift in Sources */,
				7F6C18B925ED52580091CB81 /* ChangingPlotParameters.swift in Sources */,
				7F6C18D525ED52590091CB81 /* TextView.swift in Sources */,
			);
			runOnlyForDeploymentPostprocessing = 0;
		};
		7F6C188025ED51F00091CB81 /* Sources */ = {
			isa = PBXSourcesBuildPhase;
			buildActionMask = 2147483647;
			files = (
				7F6C18BE25ED52580091CB81 /* CorePlot.swift in Sources */,
				7F6C18D225ED52590091CB81 /* CalculatePlotData.swift in Sources */,
				7F6C18CE25ED52590091CB81 /* operators.swift in Sources */,
				7F6C188925ED51F00091CB81 /* Tests_iOS.swift in Sources */,
				7F6C18C625ED52580091CB81 /* PlotDataClass.swift in Sources */,
				7F6C190525ED53690091CB81 /* SumSupAndSDown.swift in Sources */,
				7F6C18CA25ED52580091CB81 /* TextExportDocument.swift in Sources */,
				7F6C18D625ED52590091CB81 /* TextView.swift in Sources */,
				7F6C18BA25ED52580091CB81 /* ChangingPlotParameters.swift in Sources */,
			);
			runOnlyForDeploymentPostprocessing = 0;
		};
		7F6C188B25ED51F00091CB81 /* Sources */ = {
			isa = PBXSourcesBuildPhase;
			buildActionMask = 2147483647;
			files = (
				7F6C18BF25ED52580091CB81 /* CorePlot.swift in Sources */,
				7F6C18D325ED52590091CB81 /* CalculatePlotData.swift in Sources */,
				7F6C18CF25ED52590091CB81 /* operators.swift in Sources */,
				7F6C189425ED51F00091CB81 /* Tests_macOS.swift in Sources */,
				7F6C18C725ED52580091CB81 /* PlotDataClass.swift in Sources */,
				7F6C190625ED53690091CB81 /* SumSupAndSDown.swift in Sources */,
				7F6C18CB25ED52580091CB81 /* TextExportDocument.swift in Sources */,
				7F6C18D725ED52590091CB81 /* TextView.swift in Sources */,
				7F6C18BB25ED52580091CB81 /* ChangingPlotParameters.swift in Sources */,
			);
			runOnlyForDeploymentPostprocessing = 0;
		};
/* End PBXSourcesBuildPhase section */

/* Begin PBXTargetDependency section */
		7F6C188625ED51F00091CB81 /* PBXTargetDependency */ = {
			isa = PBXTargetDependency;
			target = 7F6C187325ED51F00091CB81 /* SumUpAndDown (iOS) */;
			targetProxy = 7F6C188525ED51F00091CB81 /* PBXContainerItemProxy */;
		};
		7F6C189125ED51F00091CB81 /* PBXTargetDependency */ = {
			isa = PBXTargetDependency;
			target = 7F6C187B25ED51F00091CB81 /* SumUpAndDown (macOS) */;
			targetProxy = 7F6C189025ED51F00091CB81 /* PBXContainerItemProxy */;
		};
/* End PBXTargetDependency section */

/* Begin XCBuildConfiguration section */
		7F6C189C25ED51F00091CB81 /* Debug */ = {
			isa = XCBuildConfiguration;
			buildSettings = {
				ALWAYS_SEARCH_USER_PATHS = NO;
				CLANG_ANALYZER_NONNULL = YES;
				CLANG_ANALYZER_NUMBER_OBJECT_CONVERSION = YES_AGGRESSIVE;
				CLANG_CXX_LANGUAGE_STANDARD = "gnu++14";
				CLANG_CXX_LIBRARY = "libc++";
				CLANG_ENABLE_MODULES = YES;
				CLANG_ENABLE_OBJC_ARC = YES;
				CLANG_ENABLE_OBJC_WEAK = YES;
				CLANG_WARN_BLOCK_CAPTURE_AUTORELEASING = YES;
				CLANG_WARN_BOOL_CONVERSION = YES;
				CLANG_WARN_COMMA = YES;
				CLANG_WARN_CONSTANT_CONVERSION = YES;
				CLANG_WARN_DEPRECATED_OBJC_IMPLEMENTATIONS = YES;
				CLANG_WARN_DIRECT_OBJC_ISA_USAGE = YES_ERROR;
				CLANG_WARN_DOCUMENTATION_COMMENTS = YES;
				CLANG_WARN_EMPTY_BODY = YES;
				CLANG_WARN_ENUM_CONVERSION = YES;
				CLANG_WARN_INFINITE_RECURSION = YES;
				CLANG_WARN_INT_CONVERSION = YES;
				CLANG_WARN_NON_LITERAL_NULL_CONVERSION = YES;
				CLANG_WARN_OBJC_IMPLICIT_RETAIN_SELF = YES;
				CLANG_WARN_OBJC_LITERAL_CONVERSION = YES;
				CLANG_WARN_OBJC_ROOT_CLASS = YES_ERROR;
				CLANG_WARN_QUOTED_INCLUDE_IN_FRAMEWORK_HEADER = YES;
				CLANG_WARN_RANGE_LOOP_ANALYSIS = YES;
				CLANG_WARN_STRICT_PROTOTYPES = YES;
				CLANG_WARN_SUSPICIOUS_MOVE = YES;
				CLANG_WARN_UNGUARDED_AVAILABILITY = YES_AGGRESSIVE;
				CLANG_WARN_UNREACHABLE_CODE = YES;
				CLANG_WARN__DUPLICATE_METHOD_MATCH = YES;
				COPY_PHASE_STRIP = NO;
				DEBUG_INFORMATION_FORMAT = dwarf;
				ENABLE_STRICT_OBJC_MSGSEND = YES;
				ENABLE_TESTABILITY = YES;
				GCC_C_LANGUAGE_STANDARD = gnu11;
				GCC_DYNAMIC_NO_PIC = NO;
				GCC_NO_COMMON_BLOCKS = YES;
				GCC_OPTIMIZATION_LEVEL = 0;
				GCC_PREPROCESSOR_DEFINITIONS = (
					"DEBUG=1",
					"$(inherited)",
				);
				GCC_WARN_64_TO_32_BIT_CONVERSION = YES;
				GCC_WARN_ABOUT_RETURN_TYPE = YES_ERROR;
				GCC_WARN_UNDECLARED_SELECTOR = YES;
				GCC_WARN_UNINITIALIZED_AUTOS = YES_AGGRESSIVE;
				GCC_WARN_UNUSED_FUNCTION = YES;
				GCC_WARN_UNUSED_VARIABLE = YES;
				MTL_ENABLE_DEBUG_INFO = INCLUDE_SOURCE;
				MTL_FAST_MATH = YES;
				ONLY_ACTIVE_ARCH = YES;
				SWIFT_ACTIVE_COMPILATION_CONDITIONS = DEBUG;
				SWIFT_OPTIMIZATION_LEVEL = "-Onone";
			};
			name = Debug;
		};
		7F6C189D25ED51F00091CB81 /* Release */ = {
			isa = XCBuildConfiguration;
			buildSettings = {
				ALWAYS_SEARCH_USER_PATHS = NO;
				CLANG_ANALYZER_NONNULL = YES;
				CLANG_ANALYZER_NUMBER_OBJECT_CONVERSION = YES_AGGRESSIVE;
				CLANG_CXX_LANGUAGE_STANDARD = "gnu++14";
				CLANG_CXX_LIBRARY = "libc++";
				CLANG_ENABLE_MODULES = YES;
				CLANG_ENABLE_OBJC_ARC = YES;
				CLANG_ENABLE_OBJC_WEAK = YES;
				CLANG_WARN_BLOCK_CAPTURE_AUTORELEASING = YES;
				CLANG_WARN_BOOL_CONVERSION = YES;
				CLANG_WARN_COMMA = YES;
				CLANG_WARN_CONSTANT_CONVERSION = YES;
				CLANG_WARN_DEPRECATED_OBJC_IMPLEMENTATIONS = YES;
				CLANG_WARN_DIRECT_OBJC_ISA_USAGE = YES_ERROR;
				CLANG_WARN_DOCUMENTATION_COMMENTS = YES;
				CLANG_WARN_EMPTY_BODY = YES;
				CLANG_WARN_ENUM_CONVERSION = YES;
				CLANG_WARN_INFINITE_RECURSION = YES;
				CLANG_WARN_INT_CONVERSION = YES;
				CLANG_WARN_NON_LITERAL_NULL_CONVERSION = YES;
				CLANG_WARN_OBJC_IMPLICIT_RETAIN_SELF = YES;
				CLANG_WARN_OBJC_LITERAL_CONVERSION = YES;
				CLANG_WARN_OBJC_ROOT_CLASS = YES_ERROR;
				CLANG_WARN_QUOTED_INCLUDE_IN_FRAMEWORK_HEADER = YES;
				CLANG_WARN_RANGE_LOOP_ANALYSIS = YES;
				CLANG_WARN_STRICT_PROTOTYPES = YES;
				CLANG_WARN_SUSPICIOUS_MOVE = YES;
				CLANG_WARN_UNGUARDED_AVAILABILITY = YES_AGGRESSIVE;
				CLANG_WARN_UNREACHABLE_CODE = YES;
				CLANG_WARN__DUPLICATE_METHOD_MATCH = YES;
				COPY_PHASE_STRIP = NO;
				DEBUG_INFORMATION_FORMAT = "dwarf-with-dsym";
				ENABLE_NS_ASSERTIONS = NO;
				ENABLE_STRICT_OBJC_MSGSEND = YES;
				GCC_C_LANGUAGE_STANDARD = gnu11;
				GCC_NO_COMMON_BLOCKS = YES;
				GCC_WARN_64_TO_32_BIT_CONVERSION = YES;
				GCC_WARN_ABOUT_RETURN_TYPE = YES_ERROR;
				GCC_WARN_UNDECLARED_SELECTOR = YES;
				GCC_WARN_UNINITIALIZED_AUTOS = YES_AGGRESSIVE;
				GCC_WARN_UNUSED_FUNCTION = YES;
				GCC_WARN_UNUSED_VARIABLE = YES;
				MTL_ENABLE_DEBUG_INFO = NO;
				MTL_FAST_MATH = YES;
				SWIFT_COMPILATION_MODE = wholemodule;
				SWIFT_OPTIMIZATION_LEVEL = "-O";
			};
			name = Release;
		};
		7F6C189F25ED51F00091CB81 /* Debug */ = {
			isa = XCBuildConfiguration;
			buildSettings = {
				ASSETCATALOG_COMPILER_APPICON_NAME = AppIcon;
				ASSETCATALOG_COMPILER_GLOBAL_ACCENT_COLOR_NAME = AccentColor;
				CODE_SIGN_STYLE = Automatic;
				DEVELOPMENT_TEAM = 3FRW7Z34LU;
				ENABLE_PREVIEWS = YES;
				INFOPLIST_FILE = iOS/Info.plist;
				IPHONEOS_DEPLOYMENT_TARGET = 14.0;
				LD_RUNPATH_SEARCH_PATHS = (
					"$(inherited)",
					"@executable_path/Frameworks",
				);
				PRODUCT_BUNDLE_IDENTIFIER = com.MAiit.SumUpAndDown;
				PRODUCT_NAME = SumUpAndDown;
				SDKROOT = iphoneos;
				SWIFT_VERSION = 5.0;
				TARGETED_DEVICE_FAMILY = "1,2";
			};
			name = Debug;
		};
		7F6C18A025ED51F00091CB81 /* Release */ = {
			isa = XCBuildConfiguration;
			buildSettings = {
				ASSETCATALOG_COMPILER_APPICON_NAME = AppIcon;
				ASSETCATALOG_COMPILER_GLOBAL_ACCENT_COLOR_NAME = AccentColor;
				CODE_SIGN_STYLE = Automatic;
				DEVELOPMENT_TEAM = 3FRW7Z34LU;
				ENABLE_PREVIEWS = YES;
				INFOPLIST_FILE = iOS/Info.plist;
				IPHONEOS_DEPLOYMENT_TARGET = 14.0;
				LD_RUNPATH_SEARCH_PATHS = (
					"$(inherited)",
					"@executable_path/Frameworks",
				);
				PRODUCT_BUNDLE_IDENTIFIER = com.MAiit.SumUpAndDown;
				PRODUCT_NAME = SumUpAndDown;
				SDKROOT = iphoneos;
				SWIFT_VERSION = 5.0;
				TARGETED_DEVICE_FAMILY = "1,2";
				VALIDATE_PRODUCT = YES;
			};
			name = Release;
		};
		7F6C18A225ED51F00091CB81 /* Debug */ = {
			isa = XCBuildConfiguration;
			buildSettings = {
				ASSETCATALOG_COMPILER_APPICON_NAME = AppIcon;
				ASSETCATALOG_COMPILER_GLOBAL_ACCENT_COLOR_NAME = AccentColor;
				CODE_SIGN_ENTITLEMENTS = macOS/macOS.entitlements;
				CODE_SIGN_STYLE = Automatic;
				COMBINE_HIDPI_IMAGES = YES;
				DEVELOPMENT_TEAM = 3FRW7Z34LU;
				ENABLE_HARDENED_RUNTIME = YES;
				ENABLE_PREVIEWS = YES;
				INFOPLIST_FILE = macOS/Info.plist;
				LD_RUNPATH_SEARCH_PATHS = (
					"$(inherited)",
					"@executable_path/../Frameworks",
				);
				MACOSX_DEPLOYMENT_TARGET = 11.0;
				PRODUCT_BUNDLE_IDENTIFIER = com.MAiit.SumUpAndDown;
				PRODUCT_NAME = SumUpAndDown;
				SDKROOT = macosx;
				SWIFT_VERSION = 5.0;
			};
			name = Debug;
		};
		7F6C18A325ED51F00091CB81 /* Release */ = {
			isa = XCBuildConfiguration;
			buildSettings = {
				ASSETCATALOG_COMPILER_APPICON_NAME = AppIcon;
				ASSETCATALOG_COMPILER_GLOBAL_ACCENT_COLOR_NAME = AccentColor;
				CODE_SIGN_ENTITLEMENTS = macOS/macOS.entitlements;
				CODE_SIGN_STYLE = Automatic;
				COMBINE_HIDPI_IMAGES = YES;
				DEVELOPMENT_TEAM = 3FRW7Z34LU;
				ENABLE_HARDENED_RUNTIME = YES;
				ENABLE_PREVIEWS = YES;
				INFOPLIST_FILE = macOS/Info.plist;
				LD_RUNPATH_SEARCH_PATHS = (
					"$(inherited)",
					"@executable_path/../Frameworks",
				);
				MACOSX_DEPLOYMENT_TARGET = 11.0;
				PRODUCT_BUNDLE_IDENTIFIER = com.MAiit.SumUpAndDown;
				PRODUCT_NAME = SumUpAndDown;
				SDKROOT = macosx;
				SWIFT_VERSION = 5.0;
			};
			name = Release;
		};
		7F6C18A525ED51F00091CB81 /* Debug */ = {
			isa = XCBuildConfiguration;
			buildSettings = {
				ALWAYS_EMBED_SWIFT_STANDARD_LIBRARIES = YES;
				CODE_SIGN_STYLE = Automatic;
				DEVELOPMENT_TEAM = 3FRW7Z34LU;
				INFOPLIST_FILE = "Tests iOS/Info.plist";
				IPHONEOS_DEPLOYMENT_TARGET = 14.4;
				LD_RUNPATH_SEARCH_PATHS = (
					"$(inherited)",
					"@executable_path/Frameworks",
					"@loader_path/Frameworks",
				);
				PRODUCT_BUNDLE_IDENTIFIER = "com.MAiit.Tests-iOS";
				PRODUCT_NAME = "$(TARGET_NAME)";
				SDKROOT = iphoneos;
				SWIFT_VERSION = 5.0;
				TARGETED_DEVICE_FAMILY = "1,2";
				TEST_TARGET_NAME = "SumUpAndDown (iOS)";
			};
			name = Debug;
		};
		7F6C18A625ED51F00091CB81 /* Release */ = {
			isa = XCBuildConfiguration;
			buildSettings = {
				ALWAYS_EMBED_SWIFT_STANDARD_LIBRARIES = YES;
				CODE_SIGN_STYLE = Automatic;
				DEVELOPMENT_TEAM = 3FRW7Z34LU;
				INFOPLIST_FILE = "Tests iOS/Info.plist";
				IPHONEOS_DEPLOYMENT_TARGET = 14.4;
				LD_RUNPATH_SEARCH_PATHS = (
					"$(inherited)",
					"@executable_path/Frameworks",
					"@loader_path/Frameworks",
				);
				PRODUCT_BUNDLE_IDENTIFIER = "com.MAiit.Tests-iOS";
				PRODUCT_NAME = "$(TARGET_NAME)";
				SDKROOT = iphoneos;
				SWIFT_VERSION = 5.0;
				TARGETED_DEVICE_FAMILY = "1,2";
				TEST_TARGET_NAME = "SumUpAndDown (iOS)";
				VALIDATE_PRODUCT = YES;
			};
			name = Release;
		};
		7F6C18A825ED51F00091CB81 /* Debug */ = {
			isa = XCBuildConfiguration;
			buildSettings = {
				ALWAYS_EMBED_SWIFT_STANDARD_LIBRARIES = YES;
				CODE_SIGN_STYLE = Automatic;
				COMBINE_HIDPI_IMAGES = YES;
				DEVELOPMENT_TEAM = 3FRW7Z34LU;
				INFOPLIST_FILE = "Tests macOS/Info.plist";
				LD_RUNPATH_SEARCH_PATHS = (
					"$(inherited)",
					"@executable_path/../Frameworks",
					"@loader_path/../Frameworks",
				);
				MACOSX_DEPLOYMENT_TARGET = 11.1;
				PRODUCT_BUNDLE_IDENTIFIER = "com.MAiit.Tests-macOS";
				PRODUCT_NAME = "$(TARGET_NAME)";
				SDKROOT = macosx;
				SWIFT_VERSION = 5.0;
				TEST_TARGET_NAME = "SumUpAndDown (macOS)";
			};
			name = Debug;
		};
		7F6C18A925ED51F00091CB81 /* Release */ = {
			isa = XCBuildConfiguration;
			buildSettings = {
				ALWAYS_EMBED_SWIFT_STANDARD_LIBRARIES = YES;
				CODE_SIGN_STYLE = Automatic;
				COMBINE_HIDPI_IMAGES = YES;
				DEVELOPMENT_TEAM = 3FRW7Z34LU;
				INFOPLIST_FILE = "Tests macOS/Info.plist";
				LD_RUNPATH_SEARCH_PATHS = (
					"$(inherited)",
					"@executable_path/../Frameworks",
					"@loader_path/../Frameworks",
				);
				MACOSX_DEPLOYMENT_TARGET = 11.1;
				PRODUCT_BUNDLE_IDENTIFIER = "com.MAiit.Tests-macOS";
				PRODUCT_NAME = "$(TARGET_NAME)";
				SDKROOT = macosx;
				SWIFT_VERSION = 5.0;
				TEST_TARGET_NAME = "SumUpAndDown (macOS)";
			};
			name = Release;
		};
/* End XCBuildConfiguration section */

/* Begin XCConfigurationList section */
		7F6C186B25ED51EE0091CB81 /* Build configuration list for PBXProject "SumUpAndDown" */ = {
			isa = XCConfigurationList;
			buildConfigurations = (
				7F6C189C25ED51F00091CB81 /* Debug */,
				7F6C189D25ED51F00091CB81 /* Release */,
			);
			defaultConfigurationIsVisible = 0;
			defaultConfigurationName = Release;
		};
		7F6C189E25ED51F00091CB81 /* Build configuration list for PBXNativeTarget "SumUpAndDown (iOS)" */ = {
			isa = XCConfigurationList;
			buildConfigurations = (
				7F6C189F25ED51F00091CB81 /* Debug */,
				7F6C18A025ED51F00091CB81 /* Release */,
			);
			defaultConfigurationIsVisible = 0;
			defaultConfigurationName = Release;
		};
		7F6C18A125ED51F00091CB81 /* Build configuration list for PBXNativeTarget "SumUpAndDown (macOS)" */ = {
			isa = XCConfigurationList;
			buildConfigurations = (
				7F6C18A225ED51F00091CB81 /* Debug */,
				7F6C18A325ED51F00091CB81 /* Release */,
			);
			defaultConfigurationIsVisible = 0;
			defaultConfigurationName = Release;
		};
		7F6C18A425ED51F00091CB81 /* Build configuration list for PBXNativeTarget "Tests iOS" */ = {
			isa = XCConfigurationList;
			buildConfigurations = (
				7F6C18A525ED51F00091CB81 /* Debug */,
				7F6C18A625ED51F00091CB81 /* Release */,
			);
			defaultConfigurationIsVisible = 0;
			defaultConfigurationName = Release;
		};
		7F6C18A725ED51F00091CB81 /* Build configuration list for PBXNativeTarget "Tests macOS" */ = {
			isa = XCConfigurationList;
			buildConfigurations = (
				7F6C18A825ED51F00091CB81 /* Debug */,
				7F6C18A925ED51F00091CB81 /* Release */,
			);
			defaultConfigurationIsVisible = 0;
			defaultConfigurationName = Release;
		};
/* End XCConfigurationList section */

/* Begin XCRemoteSwiftPackageReference section */
		7F6C18F025ED52FA0091CB81 /* XCRemoteSwiftPackageReference "core-plot" */ = {
			isa = XCRemoteSwiftPackageReference;
			repositoryURL = "https://github.com/core-plot/core-plot/";
			requirement = {
				branch = "release-2.4";
				kind = branch;
			};
		};
/* End XCRemoteSwiftPackageReference section */

/* Begin XCSwiftPackageProductDependency section */
		7F6C18F125ED52FA0091CB81 /* CorePlot */ = {
			isa = XCSwiftPackageProductDependency;
			package = 7F6C18F025ED52FA0091CB81 /* XCRemoteSwiftPackageReference "core-plot" */;
			productName = CorePlot;
		};
		7F6C18F825ED53130091CB81 /* CorePlot */ = {
			isa = XCSwiftPackageProductDependency;
			package = 7F6C18F025ED52FA0091CB81 /* XCRemoteSwiftPackageReference "core-plot" */;
			productName = CorePlot;
		};
		7F6C18FA25ED531C0091CB81 /* CorePlot */ = {
			isa = XCSwiftPackageProductDependency;
			package = 7F6C18F025ED52FA0091CB81 /* XCRemoteSwiftPackageReference "core-plot" */;
			productName = CorePlot;
		};
		7F6C18FC25ED53200091CB81 /* CorePlot */ = {
			isa = XCSwiftPackageProductDependency;
			package = 7F6C18F025ED52FA0091CB81 /* XCRemoteSwiftPackageReference "core-plot" */;
			productName = CorePlot;
		};
/* End XCSwiftPackageProductDependency section */
	};
	rootObject = 7F6C186825ED51EE0091CB81 /* Project object */;
}
